hash: 7258fcdf4a4f9c6540eee0865a57f139ccfbf30642a94908d887d5a858805032
updated: 2016-07-01T15:47:49.834130442+02:00
imports:
- name: github.com/aws/aws-sdk-go
  version: caee6e866bf437a6bef0777a3bf141cdd3aa022d
  subpackages:
  - aws
  - aws/session
  - service/ec2
  - aws/awserr
  - aws/credentials
  - aws/client
  - aws/corehandlers
  - aws/defaults
  - aws/request
  - private/endpoints
  - aws/awsutil
  - aws/client/metadata
  - aws/signer/v4
  - private/protocol
  - private/protocol/ec2query
  - private/waiter
  - aws/credentials/ec2rolecreds
  - aws/ec2metadata
  - private/protocol/rest
  - private/protocol/query/queryutil
  - private/protocol/xml/xmlutil
- name: github.com/go-ini/ini
  version: a219cd2c4f8e533df61aa20befffb0b0f2aaed96
- name: github.com/jmespath/go-jmespath
  version: 0b12d6b521d83fc7f755e7cfc1b1fbdd35a01a74
- name: github.com/pkg/errors
  version: 01fa4104b9c248c8945d14d9f128454d5b28d595
devImports: []
